// !$*UTF8*$!
{
	archiveVersion = 1;
	classes = {
	};
	objectVersion = 46;
	objects = {

/* Begin PBXBuildFile section */
		888B92BB1BEF56F200F089F6 /* AppDelegate.m in Sources */ = {isa = PBXBuildFile; fileRef = 888B92B61BEF56F200F089F6 /* AppDelegate.m */; };
		888B92BC1BEF56F200F089F6 /* Base.lproj in Resources */ = {isa = PBXBuildFile; fileRef = 888B92B71BEF56F200F089F6 /* Base.lproj */; };
		888B92BE1BEF56F200F089F6 /* main.m in Sources */ = {isa = PBXBuildFile; fileRef = 888B92B91BEF56F200F089F6 /* main.m */; };
		888B92BF1BEF56F200F089F6 /* switchIcon.png in Resources */ = {isa = PBXBuildFile; fileRef = 888B92BA1BEF56F200F089F6 /* switchIcon.png */; };
		888B92C21BEF5BA800F089F6 /* MainMenu.xib in Resources */ = {isa = PBXBuildFile; fileRef = 888B92C01BEF5BA800F089F6 /* MainMenu.xib */; };
		88DFD4EB1BEF64B2000C6B57 /* Images.xcassets in Resources */ = {isa = PBXBuildFile; fileRef = 88DFD4EA1BEF64B2000C6B57 /* Images.xcassets */; };
/* End PBXBuildFile section */

/* Begin PBXFileReference section */
		8800B77C1BEF4C63006408A8 /* TheButtonYouveAllBeenWaitingFor.app */ = {isa = PBXFileReference; explicitFileType = wrapper.application; includeInIndex = 0; path = TheButtonYouveAllBeenWaitingFor.app; sourceTree = BUILT_PRODUCTS_DIR; };
		8800B7861BEF4C64006408A8 /* Info.plist */ = {isa = PBXFileReference; lastKnownFileType = text.plist.xml; path = Info.plist; sourceTree = "<group>"; };
		888B92B61BEF56F200F089F6 /* AppDelegate.m */ = {isa = PBXFileReference; fileEncoding = 4; lastKnownFileType = sourcecode.c.objc; path = AppDelegate.m; sourceTree = "<group>"; };
		888B92B71BEF56F200F089F6 /* Base.lproj */ = {isa = PBXFileReference; lastKnownFileType = folder; path = Base.lproj; sourceTree = "<group>"; };
		888B92B91BEF56F200F089F6 /* main.m */ = {isa = PBXFileReference; fileEncoding = 4; lastKnownFileType = sourcecode.c.objc; path = main.m; sourceTree = "<group>"; };
		888B92BA1BEF56F200F089F6 /* switchIcon.png */ = {isa = PBXFileReference; lastKnownFileType = image.png; path = switchIcon.png; sourceTree = "<group>"; };
		888B92C11BEF5BA800F089F6 /* Base */ = {isa = PBXFileReference; lastKnownFileType = file.xib; name = Base; path = Base.lproj/MainMenu.xib; sourceTree = "<group>"; };
		888B92C31BEF5C5300F089F6 /* AppDelegate.h */ = {isa = PBXFileReference; fileEncoding = 4; lastKnownFileType = sourcecode.c.h; path = AppDelegate.h; sourceTree = "<group>"; };
		88DFD4EA1BEF64B2000C6B57 /* Images.xcassets */ = {isa = PBXFileReference; lastKnownFileType = folder.assetcatalog; path = Images.xcassets; sourceTree = SOURCE_ROOT; };
/* End PBXFileReference section */

/* Begin PBXFrameworksBuildPhase section */
		8800B7791BEF4C63006408A8 /* Frameworks */ = {
			isa = PBXFrameworksBuildPhase;
			buildActionMask = 2147483647;
			files = (
			);
			runOnlyForDeploymentPostprocessing = 0;
		};
/* End PBXFrameworksBuildPhase section */

/* Begin PBXGroup section */
		8800B7731BEF4C63006408A8 = {
			isa = PBXGroup;
			children = (
				8800B77E1BEF4C63006408A8 /* TheButtonYouveAllBeenWaitingFor */,
				8800B77D1BEF4C63006408A8 /* Products */,
			);
			sourceTree = "<group>";
		};
		8800B77D1BEF4C63006408A8 /* Products */ = {
			isa = PBXGroup;
			children = (
				8800B77C1BEF4C63006408A8 /* TheButtonYouveAllBeenWaitingFor.app */,
			);
			name = Products;
			sourceTree = "<group>";
		};
		8800B77E1BEF4C63006408A8 /* TheButtonYouveAllBeenWaitingFor */ = {
			isa = PBXGroup;
			children = (
				88DFD4EA1BEF64B2000C6B57 /* Images.xcassets */,
				888B92C31BEF5C5300F089F6 /* AppDelegate.h */,
				888B92C01BEF5BA800F089F6 /* MainMenu.xib */,
				888B92B61BEF56F200F089F6 /* AppDelegate.m */,
				888B92B71BEF56F200F089F6 /* Base.lproj */,
				888B92B91BEF56F200F089F6 /* main.m */,
				888B92BA1BEF56F200F089F6 /* switchIcon.png */,
				8800B7861BEF4C64006408A8 /* Info.plist */,
			);
			path = TheButtonYouveAllBeenWaitingFor;
			sourceTree = "<group>";
		};
/* End PBXGroup section */

/* Begin PBXNativeTarget section */
		8800B77B1BEF4C63006408A8 /* TheButtonYouveAllBeenWaitingFor */ = {
			isa = PBXNativeTarget;
			buildConfigurationList = 8800B7891BEF4C64006408A8 /* Build configuration list for PBXNativeTarget "TheButtonYouveAllBeenWaitingFor" */;
			buildPhases = (
				8800B7781BEF4C63006408A8 /* Sources */,
				8800B7791BEF4C63006408A8 /* Frameworks */,
				8800B77A1BEF4C63006408A8 /* Resources */,
			);
			buildRules = (
			);
			dependencies = (
			);
			name = TheButtonYouveAllBeenWaitingFor;
			productName = TheButtonYouveAllBeenWaitingFor;
			productReference = 8800B77C1BEF4C63006408A8 /* TheButtonYouveAllBeenWaitingFor.app */;
			productType = "com.apple.product-type.application";
		};
/* End PBXNativeTarget section */

/* Begin PBXProject section */
		8800B7741BEF4C63006408A8 /* Project object */ = {
			isa = PBXProject;
			attributes = {
				LastSwiftUpdateCheck = 0710;
				LastUpgradeCheck = 0710;
				ORGANIZATIONNAME = arkadyark;
				TargetAttributes = {
					8800B77B1BEF4C63006408A8 = {
						CreatedOnToolsVersion = 7.1;
						DevelopmentTeam = J35T5Q2C6A;
					};
				};
			};
			buildConfigurationList = 8800B7771BEF4C63006408A8 /* Build configuration list for PBXProject "TheButtonYouveAllBeenWaitingFor" */;
			compatibilityVersion = "Xcode 3.2";
			developmentRegion = English;
			hasScannedForEncodings = 0;
			knownRegions = (
				en,
				Base,
			);
			mainGroup = 8800B7731BEF4C63006408A8;
			productRefGroup = 8800B77D1BEF4C63006408A8 /* Products */;
			projectDirPath = "";
			projectRoot = "";
			targets = (
				8800B77B1BEF4C63006408A8 /* TheButtonYouveAllBeenWaitingFor */,
			);
		};
/* End PBXProject section */

/* Begin PBXResourcesBuildPhase section */
		8800B77A1BEF4C63006408A8 /* Resources */ = {
			isa = PBXResourcesBuildPhase;
			buildActionMask = 2147483647;
			files = (
				888B92BF1BEF56F200F089F6 /* switchIcon.png in Resources */,
				88DFD4EB1BEF64B2000C6B57 /* Images.xcassets in Resources */,
				888B92BC1BEF56F200F089F6 /* Base.lproj in Resources */,
				888B92C21BEF5BA800F089F6 /* MainMenu.xib in Resources */,
			);
			runOnlyForDeploymentPostprocessing = 0;
		};
/* End PBXResourcesBuildPhase section */

/* Begin PBXSourcesBuildPhase section */
		8800B7781BEF4C63006408A8 /* Sources */ = {
			isa = PBXSourcesBuildPhase;
			buildActionMask = 2147483647;
			files = (
				888B92BE1BEF56F200F089F6 /* main.m in Sources */,
				888B92BB1BEF56F200F089F6 /* AppDelegate.m in Sources */,
			);
			runOnlyForDeploymentPostprocessing = 0;
		};
/* End PBXSourcesBuildPhase section */

/* Begin PBXVariantGroup section */
		888B92C01BEF5BA800F089F6 /* MainMenu.xib */ = {
			isa = PBXVariantGroup;
			children = (
				888B92C11BEF5BA800F089F6 /* Base */,
			);
			name = MainMenu.xib;
			sourceTree = "<group>";
		};
/* End PBXVariantGroup section */

/* Begin XCBuildConfiguration section */
		8800B7871BEF4C64006408A8 /* Debug */ = {
			isa = XCBuildConfiguration;
			buildSettings = {
				ALWAYS_SEARCH_USER_PATHS = NO;
				CLANG_CXX_LANGUAGE_STANDARD = "gnu++0x";
				CLANG_CXX_LIBRARY = "libc++";
				CLANG_ENABLE_MODULES = YES;
				CLANG_ENABLE_OBJC_ARC = YES;
				CLANG_WARN_BOOL_CONVERSION = YES;
				CLANG_WARN_CONSTANT_CONVERSION = YES;
				CLANG_WARN_DIRECT_OBJC_ISA_USAGE = YES_ERROR;
				CLANG_WARN_EMPTY_BODY = YES;
				CLANG_WARN_ENUM_CONVERSION = YES;
				CLANG_WARN_INT_CONVERSION = YES;
				CLANG_WARN_OBJC_ROOT_CLASS = YES_ERROR;
				CLANG_WARN_UNREACHABLE_CODE = YES;
				CLANG_WARN__DUPLICATE_METHOD_MATCH = YES;
				CODE_SIGN_IDENTITY = "-";
				COPY_PHASE_STRIP = NO;
				DEBUG_INFORMATION_FORMAT = dwarf;
				ENABLE_STRICT_OBJC_MSGSEND = YES;
				ENABLE_TESTABILITY = YES;
				GCC_C_LANGUAGE_STANDARD = gnu99;
				GCC_DYNAMIC_NO_PIC = NO;
				GCC_NO_COMMON_BLOCKS = YES;
				GCC_OPTIMIZATION_LEVEL = 0;
				GCC_PREPROCESSOR_DEFINITIONS = (
					"DEBUG=1",
					"$(inherited)",
				);
				GCC_WARN_64_TO_32_BIT_CONVERSION = YES;
				GCC_WARN_ABOUT_RETURN_TYPE = YES_ERROR;
				GCC_WARN_UNDECLARED_SELECTOR = YES;
				GCC_WARN_UNINITIALIZED_AUTOS = YES_AGGRESSIVE;
				GCC_WARN_UNUSED_FUNCTION = YES;
				GCC_WARN_UNUSED_VARIABLE = YES;
				MACOSX_DEPLOYMENT_TARGET = 10.11;
				MTL_ENABLE_DEBUG_INFO = YES;
				ONLY_ACTIVE_ARCH = YES;
				SDKROOT = macosx;
				SWIFT_OPTIMIZATION_LEVEL = "-Onone";
			};
			name = Debug;
		};
		8800B7881BEF4C64006408A8 /* Release */ = {
			isa = XCBuildConfiguration;
			buildSettings = {
				ALWAYS_SEARCH_USER_PATHS = NO;
				CLANG_CXX_LANGUAGE_STANDARD = "gnu++0x";
				CLANG_CXX_LIBRARY = "libc++";
				CLANG_ENABLE_MODULES = YES;
				CLANG_ENABLE_OBJC_ARC = YES;
				CLANG_WARN_BOOL_CONVERSION = YES;
				CLANG_WARN_CONSTANT_CONVERSION = YES;
				CLANG_WARN_DIRECT_OBJC_ISA_USAGE = YES_ERROR;
				CLANG_WARN_EMPTY_BODY = YES;
				CLANG_WARN_ENUM_CONVERSION = YES;
				CLANG_WARN_INT_CONVERSION = YES;
				CLANG_WARN_OBJC_ROOT_CLASS = YES_ERROR;
				CLANG_WARN_UNREACHABLE_CODE = YES;
				CLANG_WARN__DUPLICATE_METHOD_MATCH = YES;
				CODE_SIGN_IDENTITY = "-";
				COPY_PHASE_STRIP = NO;
				DEBUG_INFORMATION_FORMAT = "dwarf-with-dsym";
				ENABLE_NS_ASSERTIONS = NO;
				ENABLE_STRICT_OBJC_MSGSEND = YES;
				GCC_C_LANGUAGE_STANDARD = gnu99;
				GCC_NO_COMMON_BLOCKS = YES;
				GCC_WARN_64_TO_32_BIT_CONVERSION = YES;
				GCC_WARN_ABOUT_RETURN_TYPE = YES_ERROR;
				GCC_WARN_UNDECLARED_SELECTOR = YES;
				GCC_WARN_UNINITIALIZED_AUTOS = YES_AGGRESSIVE;
				GCC_WARN_UNUSED_FUNCTION = YES;
				GCC_WARN_UNUSED_VARIABLE = YES;
				MACOSX_DEPLOYMENT_TARGET = 10.11;
				MTL_ENABLE_DEBUG_INFO = NO;
				SDKROOT = macosx;
			};
			name = Release;
		};
		8800B78A1BEF4C64006408A8 /* Debug */ = {
			isa = XCBuildConfiguration;
			buildSettings = {
				ASSETCATALOG_COMPILER_APPICON_NAME = AppIcon;
				COMBINE_HIDPI_IMAGES = YES;
				INFOPLIST_FILE = TheButtonYouveAllBeenWaitingFor/Info.plist;
				LD_RUNPATH_SEARCH_PATHS = "$(inherited) @executable_path/../Frameworks";
				PRODUCT_BUNDLE_IDENTIFIER = me.arkadyark.TheButtonYouveAllBeenWaitingFor;
				PRODUCT_NAME = "$(TARGET_NAME)";
			};
			name = Debug;
		};
		8800B78B1BEF4C64006408A8 /* Release */ = {
			isa = XCBuildConfiguration;
			buildSettings = {
				ASSETCATALOG_COMPILER_APPICON_NAME = AppIcon;
				COMBINE_HIDPI_IMAGES = YES;
				INFOPLIST_FILE = TheButtonYouveAllBeenWaitingFor/Info.plist;
				LD_RUNPATH_SEARCH_PATHS = "$(inherited) @executable_path/../Frameworks";
				PRODUCT_BUNDLE_IDENTIFIER = me.arkadyark.TheButtonYouveAllBeenWaitingFor;
				PRODUCT_NAME = "$(TARGET_NAME)";
			};
			name = Release;
		};
/* End XCBuildConfiguration section */

/* Begin XCConfigurationList section */
		8800B7771BEF4C63006408A8 /* Build configuration list for PBXProject "TheButtonYouveAllBeenWaitingFor" */ = {
			isa = XCConfigurationList;
			buildConfigurations = (
				8800B7871BEF4C64006408A8 /* Debug */,
				8800B7881BEF4C64006408A8 /* Release */,
			);
			defaultConfigurationIsVisible = 0;
			defaultConfigurationName = Release;
		};
		8800B7891BEF4C64006408A8 /* Build configuration list for PBXNativeTarget "TheButtonYouveAllBeenWaitingFor" */ = {
			isa = XCConfigurationList;
			buildConfigurations = (
				8800B78A1BEF4C64006408A8 /* Debug */,
				8800B78B1BEF4C64006408A8 /* Release */,
			);
			defaultConfigurationIsVisible = 0;
			defaultConfigurationName = Release;
		};
/* End XCConfigurationList section */
	};
	rootObject = 8800B7741BEF4C63006408A8 /* Project object */;
}
